// !$*UTF8*$!
{
	archiveVersion = 1;
	classes = {
	};
	objectVersion = 56;
	objects = {

/* Begin PBXBuildFile section */
		84EF51572A3B554500579639 /* AppDelegate.swift in Sources */ = {isa = PBXBuildFile; fileRef = 84EF51562A3B554500579639 /* AppDelegate.swift */; };
		84EF51592A3B554500579639 /* SceneDelegate.swift in Sources */ = {isa = PBXBuildFile; fileRef = 84EF51582A3B554500579639 /* SceneDelegate.swift */; };
		84EF515B2A3B554500579639 /* ViewController.swift in Sources */ = {isa = PBXBuildFile; fileRef = 84EF515A2A3B554500579639 /* ViewController.swift */; };
		84EF515E2A3B554500579639 /* Main.storyboard in Resources */ = {isa = PBXBuildFile; fileRef = 84EF515C2A3B554500579639 /* Main.storyboard */; };
		84EF51602A3B554600579639 /* Assets.xcassets in Resources */ = {isa = PBXBuildFile; fileRef = 84EF515F2A3B554600579639 /* Assets.xcassets */; };
		84EF51632A3B554600579639 /* LaunchScreen.storyboard in Resources */ = {isa = PBXBuildFile; fileRef = 84EF51612A3B554600579639 /* LaunchScreen.storyboard */; };
		D17C8EFD2A3DBCA600A11528 /* SnapKit in Frameworks */ = {isa = PBXBuildFile; productRef = D17C8EFC2A3DBCA600A11528 /* SnapKit */; };
		D17C8F182A3DCC2400A11528 /* Colors.swift in Sources */ = {isa = PBXBuildFile; fileRef = D17C8F172A3DCC2400A11528 /* Colors.swift */; };
		D17C8F1A2A3DD4AF00A11528 /* Images.swift in Sources */ = {isa = PBXBuildFile; fileRef = D17C8F192A3DD4AF00A11528 /* Images.swift */; };
		D17C8F1C2A3DDA4000A11528 /* Fonts.swift in Sources */ = {isa = PBXBuildFile; fileRef = D17C8F1B2A3DDA4000A11528 /* Fonts.swift */; };
		FAD7478E2A3DBD3300EDE392 /* OnboardingThreeViewController.swift in Sources */ = {isa = PBXBuildFile; fileRef = FAD7478D2A3DBD3300EDE392 /* OnboardingThreeViewController.swift */; };
/* End PBXBuildFile section */

/* Begin PBXFileReference section */
		84EF51532A3B554500579639 /* BudgetTrackerMDF.app */ = {isa = PBXFileReference; explicitFileType = wrapper.application; includeInIndex = 0; path = BudgetTrackerMDF.app; sourceTree = BUILT_PRODUCTS_DIR; };
		84EF51562A3B554500579639 /* AppDelegate.swift */ = {isa = PBXFileReference; lastKnownFileType = sourcecode.swift; path = AppDelegate.swift; sourceTree = "<group>"; };
		84EF51582A3B554500579639 /* SceneDelegate.swift */ = {isa = PBXFileReference; lastKnownFileType = sourcecode.swift; path = SceneDelegate.swift; sourceTree = "<group>"; };
		84EF515A2A3B554500579639 /* ViewController.swift */ = {isa = PBXFileReference; lastKnownFileType = sourcecode.swift; path = ViewController.swift; sourceTree = "<group>"; };
		84EF515D2A3B554500579639 /* Base */ = {isa = PBXFileReference; lastKnownFileType = file.storyboard; name = Base; path = Base.lproj/Main.storyboard; sourceTree = "<group>"; };
		84EF515F2A3B554600579639 /* Assets.xcassets */ = {isa = PBXFileReference; lastKnownFileType = folder.assetcatalog; path = Assets.xcassets; sourceTree = "<group>"; };
		84EF51622A3B554600579639 /* Base */ = {isa = PBXFileReference; lastKnownFileType = file.storyboard; name = Base; path = Base.lproj/LaunchScreen.storyboard; sourceTree = "<group>"; };
		84EF51642A3B554600579639 /* Info.plist */ = {isa = PBXFileReference; lastKnownFileType = text.plist.xml; path = Info.plist; sourceTree = "<group>"; };
		D17C8F112A3DC6E800A11528 /* GTWalsheimPro-Bold.ttf */ = {isa = PBXFileReference; lastKnownFileType = file; path = "GTWalsheimPro-Bold.ttf"; sourceTree = "<group>"; };
		D17C8F122A3DC6E800A11528 /* GTWalsheimPro-Medium.ttf */ = {isa = PBXFileReference; lastKnownFileType = file; path = "GTWalsheimPro-Medium.ttf"; sourceTree = "<group>"; };
		D17C8F132A3DC6E800A11528 /* GTWalsheimPro-Regular.ttf */ = {isa = PBXFileReference; lastKnownFileType = file; path = "GTWalsheimPro-Regular.ttf"; sourceTree = "<group>"; };
		D17C8F142A3DC6E800A11528 /* GTWalsheimPro-LightOblique.ttf */ = {isa = PBXFileReference; lastKnownFileType = file; path = "GTWalsheimPro-LightOblique.ttf"; sourceTree = "<group>"; };
		D17C8F172A3DCC2400A11528 /* Colors.swift */ = {isa = PBXFileReference; lastKnownFileType = sourcecode.swift; path = Colors.swift; sourceTree = "<group>"; };
		D17C8F192A3DD4AF00A11528 /* Images.swift */ = {isa = PBXFileReference; lastKnownFileType = sourcecode.swift; path = Images.swift; sourceTree = "<group>"; };
		D17C8F1B2A3DDA4000A11528 /* Fonts.swift */ = {isa = PBXFileReference; lastKnownFileType = sourcecode.swift; path = Fonts.swift; sourceTree = "<group>"; };
		FAD7478D2A3DBD3300EDE392 /* OnboardingThreeViewController.swift */ = {isa = PBXFileReference; lastKnownFileType = sourcecode.swift; path = OnboardingThreeViewController.swift; sourceTree = "<group>"; };
/* End PBXFileReference section */

/* Begin PBXFrameworksBuildPhase section */
		84EF51502A3B554500579639 /* Frameworks */ = {
			isa = PBXFrameworksBuildPhase;
			buildActionMask = 2147483647;
			files = (
				D17C8EFD2A3DBCA600A11528 /* SnapKit in Frameworks */,
			);
			runOnlyForDeploymentPostprocessing = 0;
		};
/* End PBXFrameworksBuildPhase section */

/* Begin PBXGroup section */
		84EF514A2A3B554500579639 = {
			isa = PBXGroup;
			children = (
				84EF51552A3B554500579639 /* BudgetTrackerMDF */,
				84EF51542A3B554500579639 /* Products */,
			);
			sourceTree = "<group>";
		};
		84EF51542A3B554500579639 /* Products */ = {
			isa = PBXGroup;
			children = (
				84EF51532A3B554500579639 /* BudgetTrackerMDF.app */,
			);
			name = Products;
			sourceTree = "<group>";
		};
		84EF51552A3B554500579639 /* BudgetTrackerMDF */ = {
			isa = PBXGroup;
			children = (
				D17C8F0E2A3DC6AC00A11528 /* App */,
				D17C8F0F2A3DC6BB00A11528 /* Sources */,
				D17C8F102A3DC6E700A11528 /* Resources */,
				FAD7478D2A3DBD3300EDE392 /* OnboardingThreeViewController.swift */,
			);
			path = BudgetTrackerMDF;
			sourceTree = "<group>";
		};
		D17C8F0E2A3DC6AC00A11528 /* App */ = {
			isa = PBXGroup;
			children = (
				84EF51562A3B554500579639 /* AppDelegate.swift */,
				84EF51582A3B554500579639 /* SceneDelegate.swift */,
			);
			path = App;
			sourceTree = "<group>";
		};
		D17C8F0F2A3DC6BB00A11528 /* Sources */ = {
			isa = PBXGroup;
			children = (
				84EF515A2A3B554500579639 /* ViewController.swift */,
				84EF515C2A3B554500579639 /* Main.storyboard */,
				84EF51612A3B554600579639 /* LaunchScreen.storyboard */,
			);
			path = Sources;
			sourceTree = "<group>";
		};
		D17C8F102A3DC6E700A11528 /* Resources */ = {
			isa = PBXGroup;
			children = (
				D17C8F162A3DCBC500A11528 /* Constants */,
				84EF515F2A3B554600579639 /* Assets.xcassets */,
				84EF51642A3B554600579639 /* Info.plist */,
				D17C8F152A3DC7C100A11528 /* Fonts */,
			);
			path = Resources;
			sourceTree = "<group>";
		};
		D17C8F152A3DC7C100A11528 /* Fonts */ = {
			isa = PBXGroup;
			children = (
				D17C8F112A3DC6E800A11528 /* GTWalsheimPro-Bold.ttf */,
				D17C8F142A3DC6E800A11528 /* GTWalsheimPro-LightOblique.ttf */,
				D17C8F122A3DC6E800A11528 /* GTWalsheimPro-Medium.ttf */,
				D17C8F132A3DC6E800A11528 /* GTWalsheimPro-Regular.ttf */,
			);
			path = Fonts;
			sourceTree = "<group>";
		};
		D17C8F162A3DCBC500A11528 /* Constants */ = {
			isa = PBXGroup;
			children = (
				D17C8F172A3DCC2400A11528 /* Colors.swift */,
				D17C8F192A3DD4AF00A11528 /* Images.swift */,
				D17C8F1B2A3DDA4000A11528 /* Fonts.swift */,
			);
			path = Constants;
			sourceTree = "<group>";
		};
/* End PBXGroup section */

/* Begin PBXNativeTarget section */
		84EF51522A3B554500579639 /* BudgetTrackerMDF */ = {
			isa = PBXNativeTarget;
			buildConfigurationList = 84EF51672A3B554600579639 /* Build configuration list for PBXNativeTarget "BudgetTrackerMDF" */;
			buildPhases = (
				84EF514F2A3B554500579639 /* Sources */,
				84EF51502A3B554500579639 /* Frameworks */,
				84EF51512A3B554500579639 /* Resources */,
			);
			buildRules = (
			);
			dependencies = (
			);
			name = BudgetTrackerMDF;
			packageProductDependencies = (
				D17C8EFC2A3DBCA600A11528 /* SnapKit */,
			);
			productName = BudgetTrackerMDF;
			productReference = 84EF51532A3B554500579639 /* BudgetTrackerMDF.app */;
			productType = "com.apple.product-type.application";
		};
/* End PBXNativeTarget section */

/* Begin PBXProject section */
		84EF514B2A3B554500579639 /* Project object */ = {
			isa = PBXProject;
			attributes = {
				BuildIndependentTargetsInParallel = 1;
				LastSwiftUpdateCheck = 1430;
				LastUpgradeCheck = 1430;
				TargetAttributes = {
					84EF51522A3B554500579639 = {
						CreatedOnToolsVersion = 14.3.1;
					};
				};
			};
			buildConfigurationList = 84EF514E2A3B554500579639 /* Build configuration list for PBXProject "BudgetTrackerMDF" */;
			compatibilityVersion = "Xcode 14.0";
			developmentRegion = en;
			hasScannedForEncodings = 0;
			knownRegions = (
				en,
				Base,
			);
			mainGroup = 84EF514A2A3B554500579639;
			packageReferences = (
				D17C8EFB2A3DBCA600A11528 /* XCRemoteSwiftPackageReference "SnapKit" */,
			);
			productRefGroup = 84EF51542A3B554500579639 /* Products */;
			projectDirPath = "";
			projectRoot = "";
			targets = (
				84EF51522A3B554500579639 /* BudgetTrackerMDF */,
			);
		};
/* End PBXProject section */

/* Begin PBXResourcesBuildPhase section */
		84EF51512A3B554500579639 /* Resources */ = {
			isa = PBXResourcesBuildPhase;
			buildActionMask = 2147483647;
			files = (
				84EF51632A3B554600579639 /* LaunchScreen.storyboard in Resources */,
				84EF51602A3B554600579639 /* Assets.xcassets in Resources */,
				84EF515E2A3B554500579639 /* Main.storyboard in Resources */,
			);
			runOnlyForDeploymentPostprocessing = 0;
		};
/* End PBXResourcesBuildPhase section */

/* Begin PBXSourcesBuildPhase section */
		84EF514F2A3B554500579639 /* Sources */ = {
			isa = PBXSourcesBuildPhase;
			buildActionMask = 2147483647;
			files = (
				84EF515B2A3B554500579639 /* ViewController.swift in Sources */,
				D17C8F182A3DCC2400A11528 /* Colors.swift in Sources */,
				D17C8F1A2A3DD4AF00A11528 /* Images.swift in Sources */,
				84EF51572A3B554500579639 /* AppDelegate.swift in Sources */,
				D17C8F1C2A3DDA4000A11528 /* Fonts.swift in Sources */,
				84EF51592A3B554500579639 /* SceneDelegate.swift in Sources */,
				FAD747902A3DBFB600EDE392 /* OnboardingThirdViewController.swift in Sources */,
			);
			runOnlyForDeploymentPostprocessing = 0;
		};
/* End PBXSourcesBuildPhase section */

/* Begin PBXVariantGroup section */
		84EF515C2A3B554500579639 /* Main.storyboard */ = {
			isa = PBXVariantGroup;
			children = (
				84EF515D2A3B554500579639 /* Base */,
			);
			name = Main.storyboard;
			sourceTree = "<group>";
		};
		84EF51612A3B554600579639 /* LaunchScreen.storyboard */ = {
			isa = PBXVariantGroup;
			children = (
				84EF51622A3B554600579639 /* Base */,
			);
			name = LaunchScreen.storyboard;
			sourceTree = "<group>";
		};
/* End PBXVariantGroup section */

/* Begin XCBuildConfiguration section */
		84EF51652A3B554600579639 /* Debug */ = {
			isa = XCBuildConfiguration;
			buildSettings = {
				ALWAYS_SEARCH_USER_PATHS = NO;
				CLANG_ANALYZER_NONNULL = YES;
				CLANG_ANALYZER_NUMBER_OBJECT_CONVERSION = YES_AGGRESSIVE;
				CLANG_CXX_LANGUAGE_STANDARD = "gnu++20";
				CLANG_ENABLE_MODULES = YES;
				CLANG_ENABLE_OBJC_ARC = YES;
				CLANG_ENABLE_OBJC_WEAK = YES;
				CLANG_WARN_BLOCK_CAPTURE_AUTORELEASING = YES;
				CLANG_WARN_BOOL_CONVERSION = YES;
				CLANG_WARN_COMMA = YES;
				CLANG_WARN_CONSTANT_CONVERSION = YES;
				CLANG_WARN_DEPRECATED_OBJC_IMPLEMENTATIONS = YES;
				CLANG_WARN_DIRECT_OBJC_ISA_USAGE = YES_ERROR;
				CLANG_WARN_DOCUMENTATION_COMMENTS = YES;
				CLANG_WARN_EMPTY_BODY = YES;
				CLANG_WARN_ENUM_CONVERSION = YES;
				CLANG_WARN_INFINITE_RECURSION = YES;
				CLANG_WARN_INT_CONVERSION = YES;
				CLANG_WARN_NON_LITERAL_NULL_CONVERSION = YES;
				CLANG_WARN_OBJC_IMPLICIT_RETAIN_SELF = YES;
				CLANG_WARN_OBJC_LITERAL_CONVERSION = YES;
				CLANG_WARN_OBJC_ROOT_CLASS = YES_ERROR;
				CLANG_WARN_QUOTED_INCLUDE_IN_FRAMEWORK_HEADER = YES;
				CLANG_WARN_RANGE_LOOP_ANALYSIS = YES;
				CLANG_WARN_STRICT_PROTOTYPES = YES;
				CLANG_WARN_SUSPICIOUS_MOVE = YES;
				CLANG_WARN_UNGUARDED_AVAILABILITY = YES_AGGRESSIVE;
				CLANG_WARN_UNREACHABLE_CODE = YES;
				CLANG_WARN__DUPLICATE_METHOD_MATCH = YES;
				COPY_PHASE_STRIP = NO;
				DEBUG_INFORMATION_FORMAT = dwarf;
				ENABLE_STRICT_OBJC_MSGSEND = YES;
				ENABLE_TESTABILITY = YES;
				GCC_C_LANGUAGE_STANDARD = gnu11;
				GCC_DYNAMIC_NO_PIC = NO;
				GCC_NO_COMMON_BLOCKS = YES;
				GCC_OPTIMIZATION_LEVEL = 0;
				GCC_PREPROCESSOR_DEFINITIONS = (
					"DEBUG=1",
					"$(inherited)",
				);
				GCC_WARN_64_TO_32_BIT_CONVERSION = YES;
				GCC_WARN_ABOUT_RETURN_TYPE = YES_ERROR;
				GCC_WARN_UNDECLARED_SELECTOR = YES;
				GCC_WARN_UNINITIALIZED_AUTOS = YES_AGGRESSIVE;
				GCC_WARN_UNUSED_FUNCTION = YES;
				GCC_WARN_UNUSED_VARIABLE = YES;
				IPHONEOS_DEPLOYMENT_TARGET = 16.4;
				MTL_ENABLE_DEBUG_INFO = INCLUDE_SOURCE;
				MTL_FAST_MATH = YES;
				ONLY_ACTIVE_ARCH = YES;
				SDKROOT = iphoneos;
				SWIFT_ACTIVE_COMPILATION_CONDITIONS = DEBUG;
				SWIFT_OPTIMIZATION_LEVEL = "-Onone";
			};
			name = Debug;
		};
		84EF51662A3B554600579639 /* Release */ = {
			isa = XCBuildConfiguration;
			buildSettings = {
				ALWAYS_SEARCH_USER_PATHS = NO;
				CLANG_ANALYZER_NONNULL = YES;
				CLANG_ANALYZER_NUMBER_OBJECT_CONVERSION = YES_AGGRESSIVE;
				CLANG_CXX_LANGUAGE_STANDARD = "gnu++20";
				CLANG_ENABLE_MODULES = YES;
				CLANG_ENABLE_OBJC_ARC = YES;
				CLANG_ENABLE_OBJC_WEAK = YES;
				CLANG_WARN_BLOCK_CAPTURE_AUTORELEASING = YES;
				CLANG_WARN_BOOL_CONVERSION = YES;
				CLANG_WARN_COMMA = YES;
				CLANG_WARN_CONSTANT_CONVERSION = YES;
				CLANG_WARN_DEPRECATED_OBJC_IMPLEMENTATIONS = YES;
				CLANG_WARN_DIRECT_OBJC_ISA_USAGE = YES_ERROR;
				CLANG_WARN_DOCUMENTATION_COMMENTS = YES;
				CLANG_WARN_EMPTY_BODY = YES;
				CLANG_WARN_ENUM_CONVERSION = YES;
				CLANG_WARN_INFINITE_RECURSION = YES;
				CLANG_WARN_INT_CONVERSION = YES;
				CLANG_WARN_NON_LITERAL_NULL_CONVERSION = YES;
				CLANG_WARN_OBJC_IMPLICIT_RETAIN_SELF = YES;
				CLANG_WARN_OBJC_LITERAL_CONVERSION = YES;
				CLANG_WARN_OBJC_ROOT_CLASS = YES_ERROR;
				CLANG_WARN_QUOTED_INCLUDE_IN_FRAMEWORK_HEADER = YES;
				CLANG_WARN_RANGE_LOOP_ANALYSIS = YES;
				CLANG_WARN_STRICT_PROTOTYPES = YES;
				CLANG_WARN_SUSPICIOUS_MOVE = YES;
				CLANG_WARN_UNGUARDED_AVAILABILITY = YES_AGGRESSIVE;
				CLANG_WARN_UNREACHABLE_CODE = YES;
				CLANG_WARN__DUPLICATE_METHOD_MATCH = YES;
				COPY_PHASE_STRIP = NO;
				DEBUG_INFORMATION_FORMAT = "dwarf-with-dsym";
				ENABLE_NS_ASSERTIONS = NO;
				ENABLE_STRICT_OBJC_MSGSEND = YES;
				GCC_C_LANGUAGE_STANDARD = gnu11;
				GCC_NO_COMMON_BLOCKS = YES;
				GCC_WARN_64_TO_32_BIT_CONVERSION = YES;
				GCC_WARN_ABOUT_RETURN_TYPE = YES_ERROR;
				GCC_WARN_UNDECLARED_SELECTOR = YES;
				GCC_WARN_UNINITIALIZED_AUTOS = YES_AGGRESSIVE;
				GCC_WARN_UNUSED_FUNCTION = YES;
				GCC_WARN_UNUSED_VARIABLE = YES;
				IPHONEOS_DEPLOYMENT_TARGET = 16.4;
				MTL_ENABLE_DEBUG_INFO = NO;
				MTL_FAST_MATH = YES;
				SDKROOT = iphoneos;
				SWIFT_COMPILATION_MODE = wholemodule;
				SWIFT_OPTIMIZATION_LEVEL = "-O";
				VALIDATE_PRODUCT = YES;
			};
			name = Release;
		};
		84EF51682A3B554600579639 /* Debug */ = {
			isa = XCBuildConfiguration;
			buildSettings = {
				ASSETCATALOG_COMPILER_APPICON_NAME = AppIcon;
				ASSETCATALOG_COMPILER_GLOBAL_ACCENT_COLOR_NAME = AccentColor;
				CODE_SIGN_STYLE = Automatic;
				CURRENT_PROJECT_VERSION = 1;
				GENERATE_INFOPLIST_FILE = YES;
				INFOPLIST_FILE = BudgetTrackerMDF/Resources/Info.plist;
				INFOPLIST_KEY_UIApplicationSupportsIndirectInputEvents = YES;
				INFOPLIST_KEY_UILaunchStoryboardName = LaunchScreen;
				INFOPLIST_KEY_UIMainStoryboardFile = Main;
				INFOPLIST_KEY_UISupportedInterfaceOrientations_iPad = "UIInterfaceOrientationPortrait UIInterfaceOrientationPortraitUpsideDown UIInterfaceOrientationLandscapeLeft UIInterfaceOrientationLandscapeRight";
				INFOPLIST_KEY_UISupportedInterfaceOrientations_iPhone = "UIInterfaceOrientationPortrait UIInterfaceOrientationLandscapeLeft UIInterfaceOrientationLandscapeRight";
				LD_RUNPATH_SEARCH_PATHS = (
					"$(inherited)",
					"@executable_path/Frameworks",
				);
				MARKETING_VERSION = 1.0;
				PRODUCT_BUNDLE_IDENTIFIER = com.my.BudgetTrackerMDF;
				PRODUCT_NAME = "$(TARGET_NAME)";
				SWIFT_EMIT_LOC_STRINGS = YES;
				SWIFT_VERSION = 5.0;
				TARGETED_DEVICE_FAMILY = "1,2";
			};
			name = Debug;
		};
		84EF51692A3B554600579639 /* Release */ = {
			isa = XCBuildConfiguration;
			buildSettings = {
				ASSETCATALOG_COMPILER_APPICON_NAME = AppIcon;
				ASSETCATALOG_COMPILER_GLOBAL_ACCENT_COLOR_NAME = AccentColor;
				CODE_SIGN_STYLE = Automatic;
				CURRENT_PROJECT_VERSION = 1;
				GENERATE_INFOPLIST_FILE = YES;
				INFOPLIST_FILE = BudgetTrackerMDF/Resources/Info.plist;
				INFOPLIST_KEY_UIApplicationSupportsIndirectInputEvents = YES;
				INFOPLIST_KEY_UILaunchStoryboardName = LaunchScreen;
				INFOPLIST_KEY_UIMainStoryboardFile = Main;
				INFOPLIST_KEY_UISupportedInterfaceOrientations_iPad = "UIInterfaceOrientationPortrait UIInterfaceOrientationPortraitUpsideDown UIInterfaceOrientationLandscapeLeft UIInterfaceOrientationLandscapeRight";
				INFOPLIST_KEY_UISupportedInterfaceOrientations_iPhone = "UIInterfaceOrientationPortrait UIInterfaceOrientationLandscapeLeft UIInterfaceOrientationLandscapeRight";
				LD_RUNPATH_SEARCH_PATHS = (
					"$(inherited)",
					"@executable_path/Frameworks",
				);
				MARKETING_VERSION = 1.0;
				PRODUCT_BUNDLE_IDENTIFIER = com.my.BudgetTrackerMDF;
				PRODUCT_NAME = "$(TARGET_NAME)";
				SWIFT_EMIT_LOC_STRINGS = YES;
				SWIFT_VERSION = 5.0;
				TARGETED_DEVICE_FAMILY = "1,2";
			};
			name = Release;
		};
/* End XCBuildConfiguration section */

/* Begin XCConfigurationList section */
		84EF514E2A3B554500579639 /* Build configuration list for PBXProject "BudgetTrackerMDF" */ = {
			isa = XCConfigurationList;
			buildConfigurations = (
				84EF51652A3B554600579639 /* Debug */,
				84EF51662A3B554600579639 /* Release */,
			);
			defaultConfigurationIsVisible = 0;
			defaultConfigurationName = Release;
		};
		84EF51672A3B554600579639 /* Build configuration list for PBXNativeTarget "BudgetTrackerMDF" */ = {
			isa = XCConfigurationList;
			buildConfigurations = (
				84EF51682A3B554600579639 /* Debug */,
				84EF51692A3B554600579639 /* Release */,
			);
			defaultConfigurationIsVisible = 0;
			defaultConfigurationName = Release;
		};
/* End XCConfigurationList section */

/* Begin XCRemoteSwiftPackageReference section */
		D17C8EFB2A3DBCA600A11528 /* XCRemoteSwiftPackageReference "SnapKit" */ = {
			isa = XCRemoteSwiftPackageReference;
			repositoryURL = "https://github.com/SnapKit/SnapKit.git";
			requirement = {
				kind = upToNextMajorVersion;
				minimumVersion = 5.0.0;
			};
		};
/* End XCRemoteSwiftPackageReference section */

/* Begin XCSwiftPackageProductDependency section */
		D17C8EFC2A3DBCA600A11528 /* SnapKit */ = {
			isa = XCSwiftPackageProductDependency;
			package = D17C8EFB2A3DBCA600A11528 /* XCRemoteSwiftPackageReference "SnapKit" */;
			productName = SnapKit;
		};
/* End XCSwiftPackageProductDependency section */
	};
	rootObject = 84EF514B2A3B554500579639 /* Project object */;
}
